
Microsoft Visual Studio Solution File, Format Version 12.00
# Visual Studio Version 16
VisualStudioVersion = 16.0.30413.136
MinimumVisualStudioVersion = 10.0.40219.1
Project("{888888A0-9F3D-457C-B088-3A5042F75D52}") = "anne_9.11", "anne_9.11.pyproj", "{D0D4360E-6607-40AC-8B48-32B79C904746}"
EndProject
Global
	GlobalSection(SolutionConfigurationPlatforms) = preSolution
		Debug|Any CPU = Debug|Any CPU
		Release|Any CPU = Release|Any CPU
	EndGlobalSection
	GlobalSection(ProjectConfigurationPlatforms) = postSolution
		{D0D4360E-6607-40AC-8B48-32B79C904746}.Debug|Any CPU.ActiveCfg = Debug|Any CPU
		{D0D4360E-6607-40AC-8B48-32B79C904746}.Release|Any CPU.ActiveCfg = Release|Any CPU
	EndGlobalSection
	GlobalSection(SolutionProperties) = preSolution
		HideSolutionNode = FALSE
	EndGlobalSection
	GlobalSection(ExtensibilityGlobals) = postSolution
		SolutionGuid = {DB65A2AF-2FB3-4738-9276-86129918B9D2}
	EndGlobalSection
EndGlobal
